{
  "nodes": {
    "ci-agent": {
      "inputs": {
        "flake-compat": "flake-compat",
        "nix-darwin": "nix-darwin",
        "nixos-20_09": "nixos-20_09",
        "nixos-unstable": "nixos-unstable",
        "pre-commit-hooks-nix": "pre-commit-hooks-nix"
      },
      "locked": {
        "lastModified": 1620750556,
        "narHash": "sha256-J+z8oduu9u1FZ8spSowrgyAmtnBUIUDImqfQCZ58heo=",
        "owner": "hercules-ci",
        "repo": "hercules-ci-agent",
        "rev": "f62ce85aed4c4a7fca9e5da2b00340bbcdc92f88",
        "type": "github"
      },
      "original": {
        "owner": "hercules-ci",
        "repo": "hercules-ci-agent",
        "type": "github"
      }
    },
    "darwin": {
      "inputs": {
        "nixpkgs": [
          "nixpkgs-darwin"
        ]
      },
      "locked": {
        "lastModified": 1622060422,
        "narHash": "sha256-hPVlvrAyf6zL7tTx0lpK+tMxEfZeMiIZ/A2xaJ41WOY=",
        "owner": "LnL7",
        "repo": "nix-darwin",
        "rev": "007d700e644ac588ad6668e6439950a5b6e2ff64",
        "type": "github"
      },
      "original": {
        "owner": "LnL7",
        "repo": "nix-darwin",
        "type": "github"
      }
    },
    "deploy": {
      "inputs": {
        "flake-compat": [
          "flake-compat"
        ],
        "naersk": [
          "naersk"
        ],
        "nixpkgs": [
          "unstable"
        ],
        "utils": [
          "utils"
        ]
      },
      "locked": {
        "lastModified": 1623011836,
        "narHash": "sha256-02M4P3eqUdV+ouZb8n1KDR1CXeZQm17cKpjKZKi0c10=",
        "owner": "serokell",
        "repo": "deploy-rs",
        "rev": "70d71b3027b1793b780f1e2435bdbbe1b0cb9ac6",
        "type": "github"
      },
      "original": {
        "owner": "serokell",
        "repo": "deploy-rs",
        "type": "github"
      }
    },
    "doom-emacs": {
      "flake": false,
      "locked": {
        "lastModified": 1623114989,
        "narHash": "sha256-btRwMu76Gnn9lW7YbzDAgWjlJx61tCT+e3kByNx97aw=",
        "owner": "hlissner",
        "repo": "doom-emacs",
        "rev": "2731685095d1e6101b3215aa689426e1834ce00f",
        "type": "github"
      },
      "original": {
        "owner": "hlissner",
        "ref": "develop",
        "repo": "doom-emacs",
        "type": "github"
      }
    },
    "doom-snippets": {
      "flake": false,
      "locked": {
        "lastModified": 1620675968,
        "narHash": "sha256-Hhq9ZEZnTJoJ4YpGbhNo07nwXmhKT6UCo9wpePurogM=",
        "owner": "hlissner",
        "repo": "doom-snippets",
        "rev": "f7747da6343aadfbe8a3f9e6b35018ac19db4438",
        "type": "github"
      },
      "original": {
        "owner": "hlissner",
        "repo": "doom-snippets",
        "type": "github"
      }
    },
    "emacs": {
      "locked": {
        "lastModified": 1623518868,
        "narHash": "sha256-m0B2Mbjz1LVWp9YhC8aq9cBoMCeBDp6iHglDGJMmVnE=",
        "owner": "nix-community",
        "repo": "emacs-overlay",
        "rev": "635ddae4ea9d1d45fa5a225a9c2c24f6fdbf6746",
        "type": "github"
      },
      "original": {
        "owner": "nix-community",
        "repo": "emacs-overlay",
        "type": "github"
      }
    },
    "emacs-overlay": {
      "flake": false,
      "locked": {
        "lastModified": 1621537222,
        "narHash": "sha256-F2xVnaPZuMWvPJnhaSEEskY6GY1NFNuL2JXZqKRQ9FU=",
        "owner": "nix-community",
        "repo": "emacs-overlay",
        "rev": "b14b8b133d98c923071ec2e20eff3c76bd80d173",
        "type": "github"
      },
      "original": {
        "owner": "nix-community",
        "repo": "emacs-overlay",
        "type": "github"
      }
    },
    "emacs-so-long": {
      "flake": false,
      "locked": {
        "lastModified": 1575031854,
        "narHash": "sha256-xIa5zO0ZaToDrec1OFjBK6l39AbA4l/CE4LInVu2hi0=",
        "owner": "hlissner",
        "repo": "emacs-so-long",
        "rev": "ed666b0716f60e8988c455804de24b55919e71ca",
        "type": "github"
      },
      "original": {
        "owner": "hlissner",
        "repo": "emacs-so-long",
        "type": "github"
      }
    },
    "evil-markdown": {
      "flake": false,
      "locked": {
        "lastModified": 1591038520,
        "narHash": "sha256-Kt2wxG1XCFowavVWtj0urM/yURKegonpZcxTy/+CrJY=",
        "owner": "Somelauw",
        "repo": "evil-markdown",
        "rev": "064fe9b4767470472356d20bdd08e2f30ebbc9ac",
        "type": "github"
      },
      "original": {
        "owner": "Somelauw",
        "repo": "evil-markdown",
        "type": "github"
      }
    },
    "evil-org-mode": {
      "flake": false,
      "locked": {
        "lastModified": 1607203864,
        "narHash": "sha256-JxwqVYDN6OIJEH15MVI6XOZAPtUWUhJQWHyzcrUvrFg=",
        "owner": "hlissner",
        "repo": "evil-org-mode",
        "rev": "a9706da260c45b98601bcd72b1d2c0a24a017700",
        "type": "github"
      },
      "original": {
        "owner": "hlissner",
        "repo": "evil-org-mode",
        "type": "github"
      }
    },
    "evil-quick-diff": {
      "flake": false,
      "locked": {
        "lastModified": 1575189609,
        "narHash": "sha256-oGzl1ayW9rIuq0haoiFS7RZsS8NFMdEA7K1BSozgnJU=",
        "owner": "rgrinberg",
        "repo": "evil-quick-diff",
        "rev": "69c883720b30a892c63bc89f49d4f0e8b8028908",
        "type": "github"
      },
      "original": {
        "owner": "rgrinberg",
        "repo": "evil-quick-diff",
        "type": "github"
      }
    },
    "explain-pause-mode": {
      "flake": false,
      "locked": {
        "lastModified": 1595842060,
        "narHash": "sha256-++znrjiDSx+cy4okFBBXUBkRFdtnE2x+trkmqjB3Njs=",
        "owner": "lastquestion",
        "repo": "explain-pause-mode",
        "rev": "2356c8c3639cbeeb9751744dbe737267849b4b51",
        "type": "github"
      },
      "original": {
        "owner": "lastquestion",
        "repo": "explain-pause-mode",
        "type": "github"
      }
    },
    "flake-compat": {
      "flake": false,
      "locked": {
        "lastModified": 1606424373,
        "narHash": "sha256-oq8d4//CJOrVj+EcOaSXvMebvuTkmBJuT5tzlfewUnQ=",
        "owner": "edolstra",
        "repo": "flake-compat",
        "rev": "99f1c2157fba4bfe6211a321fd0ee43199025dbf",
        "type": "github"
      },
      "original": {
        "owner": "edolstra",
        "repo": "flake-compat",
        "type": "github"
      }
    },
    "flake-compat_2": {
      "flake": false,
      "locked": {
        "lastModified": 1611461076,
        "narHash": "sha256-ad++dTtMNeitUIKi1c66aTrVJOSf+mdZTrGrXzjDr6Q=",
        "owner": "BBBSnowball",
        "repo": "flake-compat",
        "rev": "a565cb46bee9fa856a6c15bc9c3bb947fbb784ec",
        "type": "github"
      },
      "original": {
        "owner": "BBBSnowball",
        "ref": "pr-1",
        "repo": "flake-compat",
        "type": "github"
      }
    },
    "flake-utils": {
      "locked": {
        "lastModified": 1620759905,
        "narHash": "sha256-WiyWawrgmyN0EdmiHyG2V+fqReiVi8bM9cRdMaKQOFg=",
        "owner": "numtide",
        "repo": "flake-utils",
        "rev": "b543720b25df6ffdfcf9227afafc5b8c1fabfae8",
        "type": "github"
      },
      "original": {
        "owner": "numtide",
        "repo": "flake-utils",
        "type": "github"
      }
    },
    "flake-utils_2": {
      "locked": {
        "lastModified": 1620759905,
        "narHash": "sha256-WiyWawrgmyN0EdmiHyG2V+fqReiVi8bM9cRdMaKQOFg=",
        "owner": "numtide",
        "repo": "flake-utils",
        "rev": "b543720b25df6ffdfcf9227afafc5b8c1fabfae8",
        "type": "github"
      },
      "original": {
        "owner": "numtide",
        "repo": "flake-utils",
        "type": "github"
      }
    },
    "home": {
      "inputs": {
        "nixpkgs": [
          "nixos"
        ]
      },
      "locked": {
        "lastModified": 1618177587,
        "narHash": "sha256-9y5Y7YK2W+kzXBrYkrw964xWbo2O4m5A91PohkyGkj8=",
        "owner": "nix-community",
        "repo": "home-manager",
        "rev": "0a6227d667d1d2bc6a79de24fd12becc523f2e2f",
        "type": "github"
      },
      "original": {
        "owner": "nix-community",
        "repo": "home-manager",
        "rev": "0a6227d667d1d2bc6a79de24fd12becc523f2e2f",
        "type": "github"
      }
    },
    "mobile-nixos": {
      "inputs": {
        "nixos": "nixos",
        "utils": "utils"
      },
      "locked": {
        "lastModified": 1618805861,
        "narHash": "sha256-PK6fgENymF2TAwHde2RyAY0fiVYeQzhIThQoFyKu7wg=",
        "owner": "bbuscarino",
        "repo": "mobile-nixos",
        "rev": "428af44eabb0485993975184fe8ed85e1713e96e",
        "type": "github"
      },
      "original": {
        "owner": "bbuscarino",
        "ref": "flakes",
        "repo": "mobile-nixos",
        "type": "github"
      }
    },
    "naersk": {
      "inputs": {
        "nixpkgs": [
          "unstable"
        ]
      },
      "locked": {
        "lastModified": 1618844365,
        "narHash": "sha256-Z9t0rr+5OG/ru3jdg3jivfYVU4ydV/nqt8UwIut7uHs=",
        "owner": "nmattia",
        "repo": "naersk",
        "rev": "32e3ba39d9d83098b13720a4384bdda191dd0445",
        "type": "github"
      },
      "original": {
        "owner": "nmattia",
        "repo": "naersk",
        "rev": "32e3ba39d9d83098b13720a4384bdda191dd0445",
        "type": "github"
      }
    },
    "nix-darwin": {
      "inputs": {
        "nixpkgs": "nixpkgs"
      },
      "locked": {
        "lastModified": 1617693609,
        "narHash": "sha256-/+6wm08yHK8mhyljzELD4WE9Gh8XUVbHL0R1TQpZtTQ=",
        "owner": "LnL7",
        "repo": "nix-darwin",
        "rev": "a7492a8c76dcc702d0a65cd820a5f9baa8702684",
        "type": "github"
      },
      "original": {
        "owner": "LnL7",
        "repo": "nix-darwin",
        "type": "github"
      }
    },
    "nix-doom-emacs": {
      "inputs": {
        "doom-emacs": [
          "doom-emacs"
        ],
        "doom-snippets": "doom-snippets",
        "emacs-overlay": "emacs-overlay",
        "emacs-so-long": "emacs-so-long",
        "evil-markdown": "evil-markdown",
        "evil-org-mode": "evil-org-mode",
        "evil-quick-diff": "evil-quick-diff",
        "explain-pause-mode": "explain-pause-mode",
        "flake-utils": "flake-utils",
        "nix-straight": "nix-straight",
        "nixpkgs": "nixpkgs_2",
        "nose": "nose",
        "ob-racket": "ob-racket",
        "org-mode": "org-mode",
        "org-yt": "org-yt",
        "php-extras": "php-extras",
        "revealjs": "revealjs",
        "rotate-text": "rotate-text"
      },
      "locked": {
        "lastModified": 1622742095,
        "narHash": "sha256-zOhWgF6Oevph1iMU97beoVZCgnhUuGbCeyvuqrSW7kc=",
        "owner": "vlaci",
        "repo": "nix-doom-emacs",
        "rev": "f2849e51a557b78214ab19bb504fb936d8d513d4",
        "type": "github"
      },
      "original": {
        "owner": "vlaci",
        "repo": "nix-doom-emacs",
        "type": "github"
      }
    },
    "nix-straight": {
      "flake": false,
      "locked": {
        "lastModified": 1621543597,
        "narHash": "sha256-E/m2Hrw2og//CfOCOWe2yapYC01Tqhozn4YMPYJsC3o=",
        "owner": "vlaci",
        "repo": "nix-straight.el",
        "rev": "8e84d04f10b2298de856b2b8b9a0d13abc91b5ca",
        "type": "github"
      },
      "original": {
        "owner": "vlaci",
        "ref": "v2.2.0",
        "repo": "nix-straight.el",
        "type": "github"
      }
    },
    "nixos": {
      "locked": {
        "lastModified": 1623324058,
        "narHash": "sha256-Jm9GUTXdjXz56gWDKy++EpFfjrBaxqXlLvTLfgEi8lo=",
        "owner": "NixOS",
        "repo": "nixpkgs",
        "rev": "432fc2d9a67f92e05438dff5fdc2b39d33f77997",
        "type": "github"
      },
      "original": {
        "id": "nixpkgs",
        "ref": "nixos-unstable",
        "type": "indirect"
      }
    },
    "nixos-2003": {
      "locked": {
        "lastModified": 1620055814,
        "narHash": "sha256-8LEHoYSJiL901bTMVatq+rf8y7QtWuZhwwpKE2fyaRY=",
        "owner": "NixOS",
        "repo": "nixpkgs",
        "rev": "1db42b7fe3878f3f5f7a4f2dc210772fd080e205",
        "type": "github"
      },
      "original": {
        "id": "nixpkgs",
        "ref": "nixos-20.03",
        "type": "indirect"
      }
    },
    "nixos-20_09": {
      "locked": {
        "lastModified": 1618853290,
        "narHash": "sha256-K4fddnrGOcKL+6CEchRrVmepiwvwvHxB87goqBTI5Bs=",
        "owner": "NixOS",
        "repo": "nixpkgs",
        "rev": "9a1672105db0eebe8ef59f310397435f2d0298d0",
        "type": "github"
      },
      "original": {
        "owner": "NixOS",
        "ref": "nixos-20.09",
        "repo": "nixpkgs",
        "type": "github"
      }
    },
    "nixos-hardware": {
      "locked": {
        "lastModified": 1623315106,
        "narHash": "sha256-a2/8mVCuZWQUIWOQGCmUvtT813ZwnL0VRdwE3VzRaLU=",
        "owner": "nixos",
        "repo": "nixos-hardware",
        "rev": "6bea9761693b5d185d34bef205edb25a8081db57",
        "type": "github"
      },
      "original": {
        "owner": "nixos",
        "repo": "nixos-hardware",
        "type": "github"
      }
    },
    "nixos-unstable": {
      "locked": {
        "lastModified": 1618801528,
        "narHash": "sha256-1ru9LzP33ElEAZcDzYLgJQG3/uHhAg0LFJEfVZSOPZg=",
        "owner": "NixOS",
        "repo": "nixpkgs",
        "rev": "0a5f5bab0e08e968ef25cff393312aa51a3512cf",
        "type": "github"
      },
      "original": {
        "owner": "NixOS",
        "ref": "nixos-unstable",
        "repo": "nixpkgs",
        "type": "github"
      }
    },
    "nixos_2": {
      "locked": {
        "lastModified": 1623324058,
        "narHash": "sha256-Jm9GUTXdjXz56gWDKy++EpFfjrBaxqXlLvTLfgEi8lo=",
        "owner": "NixOS",
        "repo": "nixpkgs",
        "rev": "432fc2d9a67f92e05438dff5fdc2b39d33f77997",
        "type": "github"
      },
      "original": {
        "id": "nixpkgs",
        "ref": "nixos-unstable",
        "type": "indirect"
      }
    },
    "nixpkgs": {
      "locked": {
        "lastModified": 1602411953,
        "narHash": "sha256-gbupmxRpoQZqL5NBQCJN2GI5G7XDEHHHYKhVwEj5+Ps=",
        "owner": "LnL7",
        "repo": "nixpkgs",
        "rev": "f780534ea2d0c12e62607ff254b6b45f46653f7a",
        "type": "github"
      },
      "original": {
        "id": "nixpkgs",
        "type": "indirect"
      }
    },
    "nixpkgs-darwin": {
      "locked": {
        "lastModified": 1623351452,
        "narHash": "sha256-V7DDbbl6h9OyVVMviURW1+pWU6ttYmuRuQRlFrlKZb0=",
        "owner": "NixOS",
        "repo": "nixpkgs",
        "rev": "6f3e97e3f8cca69ad2528c8459682900a9b34a2f",
        "type": "github"
      },
      "original": {
        "id": "nixpkgs",
        "ref": "nixpkgs-20.09-darwin",
        "type": "indirect"
      }
    },
    "nixpkgs_2": {
      "locked": {
        "lastModified": 1621471095,
        "narHash": "sha256-Ses8dUMzdkx/BVn2VznrTtv+DvagdJ2X2aQg/h/O/co=",
        "owner": "NixOS",
        "repo": "nixpkgs",
        "rev": "80fcac0b311031657783b721c935d2d9348dffee",
        "type": "github"
      },
      "original": {
        "id": "nixpkgs",
        "ref": "nixpkgs-unstable",
        "type": "indirect"
      }
    },
    "nixpkgs_3": {
      "locked": {
        "lastModified": 1613917044,
        "narHash": "sha256-YvBBwtvrnove51SXQ67OVQHctYjEEpFu6GEzRe0pp5I=",
        "owner": "NixOS",
        "repo": "nixpkgs",
        "rev": "aed173ff9707387b238c1c7e143152ca9d8878e9",
        "type": "github"
      },
      "original": {
        "owner": "NixOS",
        "ref": "nixpkgs-unstable",
        "repo": "nixpkgs",
        "type": "github"
      }
    },
    "nose": {
      "flake": false,
      "locked": {
        "lastModified": 1400604510,
        "narHash": "sha256-daEi8Kta1oGaDEmUUDDQMahTTPOpvNpDKk22rlr7cB0=",
        "owner": "emacsattic",
        "repo": "nose",
        "rev": "f8528297519eba911696c4e68fa88892de9a7b72",
        "type": "github"
      },
      "original": {
        "owner": "emacsattic",
        "repo": "nose",
        "type": "github"
      }
    },
    "nur": {
      "locked": {
        "lastModified": 1623528927,
        "narHash": "sha256-TYRIjnfnuV+3UrBtMg4LEn2I7y7L+iLU5HNGQ5wI0iM=",
        "owner": "nix-community",
        "repo": "NUR",
        "rev": "642a595677aa548f36c6c48760350be4ad3098f1",
        "type": "github"
      },
      "original": {
        "owner": "nix-community",
        "repo": "NUR",
        "type": "github"
      }
    },
    "ob-racket": {
      "flake": false,
      "locked": {
        "lastModified": 1584656173,
        "narHash": "sha256-rBUYDDCXb+3D4xTPQo9UocbTPZ32kWV1Uya/1DmZknU=",
        "owner": "xchrishawk",
        "repo": "ob-racket",
        "rev": "83457ec9e1e96a29fd2086ed19432b9d75787673",
        "type": "github"
      },
      "original": {
        "owner": "xchrishawk",
        "repo": "ob-racket",
        "type": "github"
      }
    },
    "org-mode": {
      "flake": false,
      "locked": {
        "lastModified": 1621519036,
        "narHash": "sha256-RPj6cg0lY18czUEg8Cix4LefX62pCYlZplvx19/llHY=",
        "owner": "emacs-straight",
        "repo": "org-mode",
        "rev": "846801e82c8647ccf41723578c6e849c54a0c015",
        "type": "github"
      },
      "original": {
        "owner": "emacs-straight",
        "repo": "org-mode",
        "type": "github"
      }
    },
    "org-yt": {
      "flake": false,
      "locked": {
        "lastModified": 1527381913,
        "narHash": "sha256-dzQ6B7ryzatHCTLyEnRSbWO0VUiX/FHYnpHTs74aVUs=",
        "owner": "TobiasZawada",
        "repo": "org-yt",
        "rev": "40cc1ac76d741055cbefa13860d9f070a7ade001",
        "type": "github"
      },
      "original": {
        "owner": "TobiasZawada",
        "repo": "org-yt",
        "type": "github"
      }
    },
    "php-extras": {
      "flake": false,
      "locked": {
        "lastModified": 1573312690,
        "narHash": "sha256-r4WyVbzvT0ra4Z6JywNBOw5RxOEYd6Qe2IpebHXkj1U=",
        "owner": "arnested",
        "repo": "php-extras",
        "rev": "d410c5af663c30c01d461ac476d1cbfbacb49367",
        "type": "github"
      },
      "original": {
        "owner": "arnested",
        "repo": "php-extras",
        "type": "github"
      }
    },
    "pre-commit-hooks-nix": {
      "flake": false,
      "locked": {
        "lastModified": 1617783930,
        "narHash": "sha256-SigoU2LWM1fMggqfM9H8XEIvjOjBVQ/wj/zrn02J28c=",
        "owner": "cachix",
        "repo": "pre-commit-hooks.nix",
        "rev": "2d169bb1b23f3b71a894a66ea81f45c788943248",
        "type": "github"
      },
      "original": {
        "owner": "cachix",
        "repo": "pre-commit-hooks.nix",
        "type": "github"
      }
    },
    "revealjs": {
      "flake": false,
      "locked": {
        "lastModified": 1621530765,
        "narHash": "sha256-LfrMXHcN5CgKxgjp9Y4zdxvus+Qh6+2S2RvoqXTdIRM=",
        "owner": "hakimel",
        "repo": "reveal.js",
        "rev": "48024a1137730c1308478518ed7235431c32a5c6",
        "type": "github"
      },
      "original": {
        "owner": "hakimel",
        "repo": "reveal.js",
        "type": "github"
      }
    },
    "root": {
      "inputs": {
        "ci-agent": "ci-agent",
        "darwin": "darwin",
        "deploy": "deploy",
        "doom-emacs": "doom-emacs",
        "emacs": "emacs",
        "flake-compat": "flake-compat_2",
        "home": "home",
        "mobile-nixos": "mobile-nixos",
        "naersk": "naersk",
        "nix-doom-emacs": "nix-doom-emacs",
        "nixos": "nixos_2",
        "nixos-2003": "nixos-2003",
        "nixos-hardware": "nixos-hardware",
        "nixpkgs-darwin": "nixpkgs-darwin",
        "nur": "nur",
        "sops-nix": "sops-nix",
        "unstable": "unstable",
        "utils": "utils_2"
      }
    },
    "rotate-text": {
      "flake": false,
      "locked": {
        "lastModified": 1322962747,
        "narHash": "sha256-SOeOgSlcEIsKhUiYDJv0p+mLUb420s9E2BmvZQvZ0wk=",
        "owner": "debug-ito",
        "repo": "rotate-text.el",
        "rev": "48f193697db996855aee1ad2bc99b38c6646fe76",
        "type": "github"
      },
      "original": {
        "owner": "debug-ito",
        "repo": "rotate-text.el",
        "type": "github"
      }
    },
    "sops-nix": {
      "inputs": {
        "nixpkgs": "nixpkgs_3"
      },
      "locked": {
        "lastModified": 1622915462,
        "narHash": "sha256-Hr/DVKUnQt3BTR3o4vzux1Ed1mciKZOrCRWuwORzt4Y=",
        "owner": "Mic92",
        "repo": "sops-nix",
        "rev": "7918c59b392f23665c0b726d4c640d14be4b0b8b",
        "type": "github"
      },
      "original": {
        "owner": "Mic92",
        "repo": "sops-nix",
        "type": "github"
      }
    },
    "unstable": {
      "locked": {
        "lastModified": 1623531019,
        "narHash": "sha256-p5Vb2Z0rElIPsYmBcXbWFRO1kCJ5SMlg8U/Ig0vM+jI=",
        "owner": "NixOS",
        "repo": "nixpkgs",
        "rev": "38a0226d57cfbbedbcf813ef9c29049f525c78aa",
        "type": "github"
      },
      "original": {
        "id": "nixpkgs",
        "type": "indirect"
      }
    },
    "utils": {
      "locked": {
        "lastModified": 1622445595,
        "narHash": "sha256-m+JRe6Wc5OZ/mKw2bB3+Tl0ZbtyxxxfnAWln8Q5qs+Y=",
        "owner": "numtide",
        "repo": "flake-utils",
        "rev": "7d706970d94bc5559077eb1a6600afddcd25a7c8",
        "type": "github"
      },
      "original": {
        "owner": "numtide",
        "repo": "flake-utils",
        "type": "github"
      }
    },
    "utils_2": {
      "inputs": {
        "flake-utils": "flake-utils_2"
      },
      "locked": {
        "lastModified": 1622583383,
        "narHash": "sha256-2DFx619SNfjzYwqx1ryae8zHnTh+N7VsZkbtAbrYIIA=",
        "owner": "gytis-ivaskevicius",
        "repo": "flake-utils-plus",
        "rev": "6b2ea4b02cad77fac581c6a9ec4f822ba87dce5c",
        "type": "github"
      },
      "original": {
        "owner": "gytis-ivaskevicius",
        "ref": "staging",
        "repo": "flake-utils-plus",
        "type": "github"
      }
    }
  },
  "root": "root",
  "version": 7
}
